
Microsoft Visual Studio Solution File, Format Version 12.00
# Visual Studio Version 17
VisualStudioVersion = 17.3.32929.385
MinimumVisualStudioVersion = 10.0.40219.1
Project("{FAE04EC0-301F-11D3-BF4B-00C04F79EFBC}") = "TicTacToeServer", "TicTacToeServer\TicTacToeServer.csproj", "{69FBCFE8-5899-48CD-A90F-88827C386FCF}"
EndProject
Global
	GlobalSection(SolutionConfigurationPlatforms) = preSolution
		Debug|Any CPU = Debug|Any CPU
		Release|Any CPU = Release|Any CPU
	EndGlobalSection
	GlobalSection(ProjectConfigurationPlatforms) = postSolution
		{69FBCFE8-5899-48CD-A90F-88827C386FCF}.Debug|Any CPU.ActiveCfg = Debug|Any CPU
		{69FBCFE8-5899-48CD-A90F-88827C386FCF}.Debug|Any CPU.Build.0 = Debug|Any CPU
		{69FBCFE8-5899-48CD-A90F-88827C386FCF}.Release|Any CPU.ActiveCfg = Release|Any CPU
		{69FBCFE8-5899-48CD-A90F-88827C386FCF}.Release|Any CPU.Build.0 = Release|Any CPU
	EndGlobalSection
	GlobalSection(SolutionProperties) = preSolution
		HideSolutionNode = FALSE
	EndGlobalSection
	GlobalSection(ExtensibilityGlobals) = postSolution
		SolutionGuid = {0E04486A-9A88-4AB4-8DB2-8AF1601C1FB9}
	EndGlobalSection
EndGlobal
